
Microsoft Visual Studio Solution File, Format Version 12.00
# Visual Studio Version 16
VisualStudioVersion = 16.0.30413.136
MinimumVisualStudioVersion = 10.0.40219.1
Project("{FAE04EC0-301F-11D3-BF4B-00C04F79EFBC}") = "BikeStoreEntities", "BikeStoreEntities\BikeStoreEntities.csproj", "{67CD97CF-C5A8-4D78-9C1B-59B99EFBD4D6}"
EndProject
Global
	GlobalSection(SolutionConfigurationPlatforms) = preSolution
		Debug|Any CPU = Debug|Any CPU
		Release|Any CPU = Release|Any CPU
	EndGlobalSection
	GlobalSection(ProjectConfigurationPlatforms) = postSolution
		{67CD97CF-C5A8-4D78-9C1B-59B99EFBD4D6}.Debug|Any CPU.ActiveCfg = Debug|Any CPU
		{67CD97CF-C5A8-4D78-9C1B-59B99EFBD4D6}.Debug|Any CPU.Build.0 = Debug|Any CPU
		{67CD97CF-C5A8-4D78-9C1B-59B99EFBD4D6}.Release|Any CPU.ActiveCfg = Release|Any CPU
		{67CD97CF-C5A8-4D78-9C1B-59B99EFBD4D6}.Release|Any CPU.Build.0 = Release|Any CPU
	EndGlobalSection
	GlobalSection(SolutionProperties) = preSolution
		HideSolutionNode = FALSE
	EndGlobalSection
	GlobalSection(ExtensibilityGlobals) = postSolution
		SolutionGuid = {E6CC8867-F191-4223-AA36-8385BF1DBEC3}
	EndGlobalSection
EndGlobal
